
Microsoft Visual Studio Solution File, Format Version 12.00
# Visual Studio Version 17
VisualStudioVersion = 17.8.34330.188
MinimumVisualStudioVersion = 10.0.40219.1
Project("{8BC9CEB8-8B4A-11D0-8D11-00A0C91BC942}") = "Day_02", "Day_02.vcxproj", "{30BA7F34-A980-4E5E-B693-480A58E564B2}"
EndProject
Global
	GlobalSection(SolutionConfigurationPlatforms) = preSolution
		Debug|x64 = Debug|x64
		Debug|x86 = Debug|x86
		Release|x64 = Release|x64
		Release|x86 = Release|x86
	EndGlobalSection
	GlobalSection(ProjectConfigurationPlatforms) = postSolution
		{30BA7F34-A980-4E5E-B693-480A58E564B2}.Debug|x64.ActiveCfg = Debug|x64
		{30BA7F34-A980-4E5E-B693-480A58E564B2}.Debug|x64.Build.0 = Debug|x64
		{30BA7F34-A980-4E5E-B693-480A58E564B2}.Debug|x86.ActiveCfg = Debug|Win32
		{30BA7F34-A980-4E5E-B693-480A58E564B2}.Debug|x86.Build.0 = Debug|Win32
		{30BA7F34-A980-4E5E-B693-480A58E564B2}.Release|x64.ActiveCfg = Release|x64
		{30BA7F34-A980-4E5E-B693-480A58E564B2}.Release|x64.Build.0 = Release|x64
		{30BA7F34-A980-4E5E-B693-480A58E564B2}.Release|x86.ActiveCfg = Release|Win32
		{30BA7F34-A980-4E5E-B693-480A58E564B2}.Release|x86.Build.0 = Release|Win32
	EndGlobalSection
	GlobalSection(SolutionProperties) = preSolution
		HideSolutionNode = FALSE
	EndGlobalSection
	GlobalSection(ExtensibilityGlobals) = postSolution
		SolutionGuid = {BCBFD671-CAF5-48EC-81E7-8AF10F7C79DE}
	EndGlobalSection
EndGlobal
